# This file is automatically generated - do not edit it directly.
# Use https://weblate.rob006.net/projects/flarum/flarum-lock/kmr/ for translation.
# You can read more about the process at https://github.com/rob006-software/flarum-translations/wiki.

flarum-lock:
  admin:
    permissions:
      lock_discussions_label: 'Nîqaşê kilît bikin'
  forum:
    badge:
      locked_tooltip: 'Hatiye Asêkirin'
    discussion_controls:
      lock_button: 'Asê bike'
      unlock_button: 'Kilîdê veke'
    notifications:
      discussion_locked_text: '{username} asê kir'
    post_stream:
      discussion_locked_text: '{username} nîqaş {time} kilît kir.'
      discussion_unlocked_text: '{username} nîqaşa {time} vekir.'
    settings:
      notify_discussion_locked_label: 'Dema ku kesek nîqaşekî te asê bike'
